version = 1

[dependencies._self]
path = "."

[dependencies.meridian-base]
url = "https://github.com/meridian-flow/meridian-base"
version = "v0.0.21"
commit = "5ef2cab70944934d8c2e54e0e95e702bb7e3be55"

[dependencies.meridian-prompter]
url = "https://github.com/meridian-flow/meridian-prompter"
version = "v0.0.4"
commit = "cc0ba458f86238b79ca1d77c04482627ed7b4288"

[items."agents/meridian-default-orchestrator.md"]
source = "_self"
kind = "agent"
source_checksum = "sha256:2f521d69579a821cd8d98f8d170f86c2d45dc62d77289d7e28886774f28b06ca"
installed_checksum = "sha256:2f521d69579a821cd8d98f8d170f86c2d45dc62d77289d7e28886774f28b06ca"
dest_path = "agents/meridian-default-orchestrator.md"

[items."agents/meridian-subagent.md"]
source = "_self"
kind = "agent"
source_checksum = "sha256:f939f90b9694738130e7566e80a2c65b5a4b2dac7b637856272baf19c9d78bc6"
installed_checksum = "sha256:f939f90b9694738130e7566e80a2c65b5a4b2dac7b637856272baf19c9d78bc6"
dest_path = "agents/meridian-subagent.md"

[items."agents/prompt-reviewer.md"]
source = "meridian-prompter"
kind = "agent"
version = "v0.0.4"
source_checksum = "sha256:a6dd1dafff624bb678554f6c28ed73ba5b7ef2f7f4399c1cf1b4ee0e124667ee"
installed_checksum = "sha256:a6dd1dafff624bb678554f6c28ed73ba5b7ef2f7f4399c1cf1b4ee0e124667ee"
dest_path = "agents/prompt-reviewer.md"

[items."agents/prompt-tester.md"]
source = "meridian-prompter"
kind = "agent"
version = "v0.0.3"
source_checksum = "sha256:ec3b4a04e4930d297068bff87be30567d96694ced761e7586e3b6f313cff686d"
installed_checksum = "sha256:ec3b4a04e4930d297068bff87be30567d96694ced761e7586e3b6f313cff686d"
dest_path = "agents/prompt-tester.md"

[items."agents/prompter-orchestrator.md"]
source = "meridian-prompter"
kind = "agent"
version = "v0.0.4"
source_checksum = "sha256:2804e74c8c53758bdcc248b9df98a31c82660ca22d11ec2b5f469e38af2f0da3"
installed_checksum = "sha256:2804e74c8c53758bdcc248b9df98a31c82660ca22d11ec2b5f469e38af2f0da3"
dest_path = "agents/prompter-orchestrator.md"

[items."agents/python-tool-writer.md"]
source = "meridian-prompter"
kind = "agent"
version = "v0.0.4"
source_checksum = "sha256:b6ce0c404186cc6f8fc74c281a6d14295d17780feeb93d8939378b9eb32f4c9f"
installed_checksum = "sha256:b6ce0c404186cc6f8fc74c281a6d14295d17780feeb93d8939378b9eb32f4c9f"
dest_path = "agents/python-tool-writer.md"

[items."agents/web-prompt-researcher.md"]
source = "meridian-prompter"
kind = "agent"
version = "v0.0.4"
source_checksum = "sha256:a474014b66619b90255ee25761afbd8a9ab1c179e458ed5231a6bdffb5de5091"
installed_checksum = "sha256:a474014b66619b90255ee25761afbd8a9ab1c179e458ed5231a6bdffb5de5091"
dest_path = "agents/web-prompt-researcher.md"

[items."skills/agent-artifacts"]
source = "meridian-prompter"
kind = "skill"
version = "v0.0.4"
source_checksum = "sha256:7889e6eb1a345fcb5bba15544e2b3283cb7208d0fe8ed39008c11d8b1e6099e0"
installed_checksum = "sha256:7889e6eb1a345fcb5bba15544e2b3283cb7208d0fe8ed39008c11d8b1e6099e0"
dest_path = "skills/agent-artifacts"

[items."skills/agent-creator"]
source = "_self"
kind = "skill"
source_checksum = "sha256:53f28a0061d2ffc04cb2c2bf20f19f22376d1f73c9d19831c53450c3a11d3be8"
installed_checksum = "sha256:53f28a0061d2ffc04cb2c2bf20f19f22376d1f73c9d19831c53450c3a11d3be8"
dest_path = "skills/agent-creator"

[items."skills/meridian-cli"]
source = "_self"
kind = "skill"
source_checksum = "sha256:f65b1ef88a5ea0ac821c481823bf396714d4e89e7b2e56f14a51f3729a66b951"
installed_checksum = "sha256:f65b1ef88a5ea0ac821c481823bf396714d4e89e7b2e56f14a51f3729a66b951"
dest_path = "skills/meridian-cli"

[items."skills/meridian-privilege-escalation"]
source = "_self"
kind = "skill"
source_checksum = "sha256:e0341d4ed3657d4a4c6a0a96f804376e6f960e3f7f2fd9b91ac8d672ea4e2938"
installed_checksum = "sha256:e0341d4ed3657d4a4c6a0a96f804376e6f960e3f7f2fd9b91ac8d672ea4e2938"
dest_path = "skills/meridian-privilege-escalation"

[items."skills/meridian-spawn"]
source = "_self"
kind = "skill"
source_checksum = "sha256:de95e810d2e9fc001d997f732900970bfa342e30e246564ad4ec42ae8c43aa6f"
installed_checksum = "sha256:de95e810d2e9fc001d997f732900970bfa342e30e246564ad4ec42ae8c43aa6f"
dest_path = "skills/meridian-spawn"

[items."skills/meridian-work-coordination"]
source = "_self"
kind = "skill"
source_checksum = "sha256:1ddd87065861bfd01adcafc27aebc5ac4ef5028b856bc128dec45ebc0745c9be"
installed_checksum = "sha256:1ddd87065861bfd01adcafc27aebc5ac4ef5028b856bc128dec45ebc0745c9be"
dest_path = "skills/meridian-work-coordination"

[items."skills/prompt-principles"]
source = "meridian-prompter"
kind = "skill"
version = "v0.0.4"
source_checksum = "sha256:000dd16223d10524ad976d1f7146be283594b66dca9e59e36529ee294528b207"
installed_checksum = "sha256:000dd16223d10524ad976d1f7146be283594b66dca9e59e36529ee294528b207"
dest_path = "skills/prompt-principles"

[items."skills/prompt-review"]
source = "meridian-prompter"
kind = "skill"
version = "v0.0.4"
source_checksum = "sha256:47eb3e72585527010be8a71d6a1b34537eab9c200f3a48e965c8914b784add4e"
installed_checksum = "sha256:47eb3e72585527010be8a71d6a1b34537eab9c200f3a48e965c8914b784add4e"
dest_path = "skills/prompt-review"

[items."skills/python-tools"]
source = "meridian-prompter"
kind = "skill"
version = "v0.0.3"
source_checksum = "sha256:453a20e334d662caa065beb0a1b93f70852b3c224833118f1a3e248a50d711b3"
installed_checksum = "sha256:453a20e334d662caa065beb0a1b93f70852b3c224833118f1a3e248a50d711b3"
dest_path = "skills/python-tools"

[items."skills/shared-workspace"]
source = "_self"
kind = "skill"
source_checksum = "sha256:69296d410f585fdd5d51c288317debae10f041200eb6b1335e822802dd817b39"
installed_checksum = "sha256:69296d410f585fdd5d51c288317debae10f041200eb6b1335e822802dd817b39"
dest_path = "skills/shared-workspace"

[items."skills/skill-artifacts"]
source = "meridian-prompter"
kind = "skill"
version = "v0.0.4"
source_checksum = "sha256:b0c6ea29e17f3acd6843a73dfc0f3bc890fe04352f6ab8f4bdb8bdf7c26cbd12"
installed_checksum = "sha256:b0c6ea29e17f3acd6843a73dfc0f3bc890fe04352f6ab8f4bdb8bdf7c26cbd12"
dest_path = "skills/skill-artifacts"

[items."skills/skill-creator"]
source = "_self"
kind = "skill"
source_checksum = "sha256:58ded93f9c40f7b4eb100902d2fbf1bd220d4f9adbe07e72b4b1514c245ba186"
installed_checksum = "sha256:58ded93f9c40f7b4eb100902d2fbf1bd220d4f9adbe07e72b4b1514c245ba186"
dest_path = "skills/skill-creator"
